
Microsoft Visual Studio Solution File, Format Version 12.00
# Visual Studio 15
Project("{FAE04EC0-301F-11D3-BF4B-00C04F79EFBC}") = "Assembly-CSharp", "Assembly-CSharp.csproj", "{B62434B7-DACC-F8A2-8388-AE338F8C4D1B}"
EndProject
Project("{FAE04EC0-301F-11D3-BF4B-00C04F79EFBC}") = "Assembly-CSharp-Editor", "Assembly-CSharp-Editor.csproj", "{365286C5-782B-92BE-4039-6D22864489CC}"
EndProject
Global
	GlobalSection(SolutionConfigurationPlatforms) = preSolution
		Debug|Any CPU = Debug|Any CPU
		Release|Any CPU = Release|Any CPU
	EndGlobalSection
	GlobalSection(ProjectConfigurationPlatforms) = postSolution
		{B62434B7-DACC-F8A2-8388-AE338F8C4D1B}.Debug|Any CPU.ActiveCfg = Debug|Any CPU
		{B62434B7-DACC-F8A2-8388-AE338F8C4D1B}.Debug|Any CPU.Build.0 = Debug|Any CPU
		{B62434B7-DACC-F8A2-8388-AE338F8C4D1B}.Release|Any CPU.ActiveCfg = Release|Any CPU
		{B62434B7-DACC-F8A2-8388-AE338F8C4D1B}.Release|Any CPU.Build.0 = Release|Any CPU
		{365286C5-782B-92BE-4039-6D22864489CC}.Debug|Any CPU.ActiveCfg = Debug|Any CPU
		{365286C5-782B-92BE-4039-6D22864489CC}.Debug|Any CPU.Build.0 = Debug|Any CPU
		{365286C5-782B-92BE-4039-6D22864489CC}.Release|Any CPU.ActiveCfg = Release|Any CPU
		{365286C5-782B-92BE-4039-6D22864489CC}.Release|Any CPU.Build.0 = Release|Any CPU
	EndGlobalSection
	GlobalSection(SolutionProperties) = preSolution
		HideSolutionNode = FALSE
	EndGlobalSection
EndGlobal
